dependencies:
- name: prometheus-statsd-exporter
  repository: https://prometheus-community.github.io/helm-charts
  version: 0.15.0
- name: grafana
  repository: https://grafana.github.io/helm-charts
  version: 8.5.1
- name: loki-stack
  repository: https://grafana.github.io/helm-charts
  version: 2.10.2
- name: jaeger-operator
  repository: https://jaegertracing.github.io/helm-charts
  version: 2.56.0
digest: sha256:fb8e0741d91495a3d457307848bb3ab730387e2fd884a7850f9399d45bd5f134
generated: "2024-10-30T17:29:42.610491+05:30"
